
Microsoft Visual Studio Solution File, Format Version 12.00
# Visual Studio Version 17
VisualStudioVersion = 17.8.34330.188
MinimumVisualStudioVersion = 10.0.40219.1
Project("{FAE04EC0-301F-11D3-BF4B-00C04F79EFBC}") = "HH", "HH\HH.csproj", "{610F4257-1ED9-4C25-84AA-9A44F2F76ACB}"
EndProject
Global
	GlobalSection(SolutionConfigurationPlatforms) = preSolution
		Debug|Any CPU = Debug|Any CPU
		Release|Any CPU = Release|Any CPU
	EndGlobalSection
	GlobalSection(ProjectConfigurationPlatforms) = postSolution
		{610F4257-1ED9-4C25-84AA-9A44F2F76ACB}.Debug|Any CPU.ActiveCfg = Debug|Any CPU
		{610F4257-1ED9-4C25-84AA-9A44F2F76ACB}.Debug|Any CPU.Build.0 = Debug|Any CPU
		{610F4257-1ED9-4C25-84AA-9A44F2F76ACB}.Release|Any CPU.ActiveCfg = Release|Any CPU
		{610F4257-1ED9-4C25-84AA-9A44F2F76ACB}.Release|Any CPU.Build.0 = Release|Any CPU
	EndGlobalSection
	GlobalSection(SolutionProperties) = preSolution
		HideSolutionNode = FALSE
	EndGlobalSection
	GlobalSection(ExtensibilityGlobals) = postSolution
		SolutionGuid = {E77A94DB-0032-4E18-B158-040D1432C3DB}
	EndGlobalSection
EndGlobal
